
Microsoft Visual Studio Solution File, Format Version 12.00
# Visual Studio Version 17
VisualStudioVersion = 17.13.35931.197
MinimumVisualStudioVersion = 10.0.40219.1
Project("{FAE04EC0-301F-11D3-BF4B-00C04F79EFBC}") = "todo-backend", "todo-backend.csproj", "{5503B63F-D461-4B1A-807A-AB0A24F2D7DF}"
EndProject
Global
	GlobalSection(SolutionConfigurationPlatforms) = preSolution
		Debug|Any CPU = Debug|Any CPU
		Release|Any CPU = Release|Any CPU
	EndGlobalSection
	GlobalSection(ProjectConfigurationPlatforms) = postSolution
		{5503B63F-D461-4B1A-807A-AB0A24F2D7DF}.Debug|Any CPU.ActiveCfg = Debug|Any CPU
		{5503B63F-D461-4B1A-807A-AB0A24F2D7DF}.Debug|Any CPU.Build.0 = Debug|Any CPU
		{5503B63F-D461-4B1A-807A-AB0A24F2D7DF}.Release|Any CPU.ActiveCfg = Release|Any CPU
		{5503B63F-D461-4B1A-807A-AB0A24F2D7DF}.Release|Any CPU.Build.0 = Release|Any CPU
	EndGlobalSection
	GlobalSection(SolutionProperties) = preSolution
		HideSolutionNode = FALSE
	EndGlobalSection
	GlobalSection(ExtensibilityGlobals) = postSolution
		SolutionGuid = {3F819069-2F2D-483D-90B9-7F490501AC49}
	EndGlobalSection
EndGlobal
